
Microsoft Visual Studio Solution File, Format Version 12.00
# Visual Studio Version 17
VisualStudioVersion = 17.9.34723.18
MinimumVisualStudioVersion = 10.0.40219.1
Project("{FAE04EC0-301F-11D3-BF4B-00C04F79EFBC}") = "TheFirstDescendantSDK", "TheFirstDescendantSDK\TheFirstDescendantSDK.csproj", "{105FB716-2862-4E18-BA05-9F8275F5ED0C}"
EndProject
Global
	GlobalSection(SolutionConfigurationPlatforms) = preSolution
		Debug|Any CPU = Debug|Any CPU
		Release|Any CPU = Release|Any CPU
	EndGlobalSection
	GlobalSection(ProjectConfigurationPlatforms) = postSolution
		{105FB716-2862-4E18-BA05-9F8275F5ED0C}.Debug|Any CPU.ActiveCfg = Debug|Any CPU
		{105FB716-2862-4E18-BA05-9F8275F5ED0C}.Debug|Any CPU.Build.0 = Debug|Any CPU
		{105FB716-2862-4E18-BA05-9F8275F5ED0C}.Release|Any CPU.ActiveCfg = Release|Any CPU
		{105FB716-2862-4E18-BA05-9F8275F5ED0C}.Release|Any CPU.Build.0 = Release|Any CPU
	EndGlobalSection
	GlobalSection(SolutionProperties) = preSolution
		HideSolutionNode = FALSE
	EndGlobalSection
	GlobalSection(ExtensibilityGlobals) = postSolution
		SolutionGuid = {842D84D2-2E8E-4D7E-9EB1-AF483E520343}
	EndGlobalSection
EndGlobal
